
Microsoft Visual Studio Solution File, Format Version 12.00
# Visual Studio Version 17
VisualStudioVersion = 17.0.31919.166
MinimumVisualStudioVersion = 10.0.40219.1
Project("{FAE04EC0-301F-11D3-BF4B-00C04F79EFBC}") = "ArKey", "ArKey\ArKey.csproj", "{DD166E34-91A2-41A0-B11C-FAB9A0E1E4D8}"
EndProject
Global
	GlobalSection(SolutionConfigurationPlatforms) = preSolution
		Debug|Any CPU = Debug|Any CPU
		Release|Any CPU = Release|Any CPU
	EndGlobalSection
	GlobalSection(ProjectConfigurationPlatforms) = postSolution
		{DD166E34-91A2-41A0-B11C-FAB9A0E1E4D8}.Debug|Any CPU.ActiveCfg = Debug|Any CPU
		{DD166E34-91A2-41A0-B11C-FAB9A0E1E4D8}.Debug|Any CPU.Build.0 = Debug|Any CPU
		{DD166E34-91A2-41A0-B11C-FAB9A0E1E4D8}.Release|Any CPU.ActiveCfg = Release|Any CPU
		{DD166E34-91A2-41A0-B11C-FAB9A0E1E4D8}.Release|Any CPU.Build.0 = Release|Any CPU
	EndGlobalSection
	GlobalSection(SolutionProperties) = preSolution
		HideSolutionNode = FALSE
	EndGlobalSection
	GlobalSection(ExtensibilityGlobals) = postSolution
		SolutionGuid = {ADAC5A34-31E4-44AB-B311-51DE8033CBE9}
	EndGlobalSection
EndGlobal
